lockfileVersion: '9.0'

settings:
  autoInstallPeers: true
  excludeLinksFromLockfile: false

overrides:
  esbuild: 0.25.11

importers:

  .:
    devDependencies:
      husky:
        specifier: ^9.1.7
        version: 9.1.7
      prettier:
        specifier: ^3.8.1
        version: 3.8.1
      prettier-plugin-solidity:
        specifier: ^2.3.1
        version: 2.3.1(prettier@3.8.1)
      typescript:
        specifier: ^5.8.3
        version: 5.9.3

packages:

  '@bytecodealliance/preview2-shim@0.17.8':
    resolution: {integrity: sha512-wS5kg8u0KCML1UeHQPJ1IuOI24x/XLentCzsqPER1+gDNC5Cz2hG4G2blLOZap+3CEGhIhnJ9mmZYj6a2W0Lww==}

  '@nomicfoundation/slang@1.3.4':
    resolution: {integrity: sha512-ghzrPSYH1sZO65id6+Bq2Ood87HT54QP3RGC8EkmpcrJ6tT9Ky0RtaJfrzV5G4jpDsnNua6+YEDpzOMori04hQ==}

  '@solidity-parser/parser@0.20.2':
    resolution: {integrity: sha512-rbu0bzwNvMcwAjH86hiEAcOeRI2EeK8zCkHDrFykh/Al8mvJeFmjy3UrE7GYQjNwOgbGUUtCn5/k8CB8zIu7QA==}

  husky@9.1.7:
    resolution: {integrity: sha512-5gs5ytaNjBrh5Ow3zrvdUUY+0VxIuWVL4i9irt6friV+BqdCfmV11CQTWMiBYWHbXhco+J1kHfTOUkePhCDvMA==}
    engines: {node: '>=18'}
    hasBin: true

  prettier-plugin-solidity@2.3.1:
    resolution: {integrity: sha512-71sZM5oqgq6pnTlf+RH23U6Ej710APfCiMWO2Z/pHNjrXyvn9Nr0vTS1AUVaSf4GRW0V6hj6Djt0MyWudJUJbQ==}
    engines: {node: '>=20'}
    peerDependencies:
      prettier: '>=3.0.0'

  prettier@3.8.1:
    resolution: {integrity: sha512-UOnG6LftzbdaHZcKoPFtOcCKztrQ57WkHDeRD9t/PTQtmT0NHSeWWepj6pS0z/N7+08BHFDQVUrfmfMRcZwbMg==}
    engines: {node: '>=14'}
    hasBin: true

  semver@7.7.4:
    resolution: {integrity: sha512-vFKC2IEtQnVhpT78h1Yp8wzwrf8CM+MzKMHGJZfBtzhZNycRFnXsHk6E5TxIkkMsgNS7mdX3AGB7x2QM2di4lA==}
    engines: {node: '>=10'}
    hasBin: true

  typescript@5.9.3:
    resolution: {integrity: sha512-jl1vZzPDinLr9eUt3J/t7V6FgNEw9QjvBPdysz9KfQDD41fQrC2Y4vKQdiaUpFT4bXlb1RHhLpp8wtm6M5TgSw==}
    engines: {node: '>=14.17'}
    hasBin: true

snapshots:

  '@bytecodealliance/preview2-shim@0.17.8': {}

  '@nomicfoundation/slang@1.3.4':
    dependencies:
      '@bytecodealliance/preview2-shim': 0.17.8

  '@solidity-parser/parser@0.20.2': {}

  husky@9.1.7: {}

  prettier-plugin-solidity@2.3.1(prettier@3.8.1):
    dependencies:
      '@nomicfoundation/slang': 1.3.4
      '@solidity-parser/parser': 0.20.2
      prettier: 3.8.1
      semver: 7.7.4

  prettier@3.8.1: {}

  semver@7.7.4: {}

  typescript@5.9.3: {}
